<?xml version="1.0" encoding="utf-8"?>
<Project ToolsVersion="4.0" xmlns="http://schemas.microsoft.com/developer/msbuild/2003">
  <ItemGroup>
    <Filter Include="Resource Files">
      <UniqueIdentifier>{67DA6AB6-F800-4c08-8B7A-83BB121AAD01}</UniqueIdentifier>
      <Extensions>rc;ico;cur;bmp;dlg;rc2;rct;bin;rgs;gif;jpg;jpeg;jpe;resx;tiff;tif;png;wav;mfcribbon-ms</Extensions>
    </Filter>
    <Filter Include="Entity">
      <UniqueIdentifier>{2f0e4d03-0cad-434f-891f-f53b3970278f}</UniqueIdentifier>
    </Filter>
    <Filter Include="Tilemap">
      <UniqueIdentifier>{3251a2dc-6f61-48e8-9689-c759ad53f597}</UniqueIdentifier>
    </Filter>
    <Filter Include="Entity\Shape">
      <UniqueIdentifier>{342dcd09-1be8-4de3-a764-d859fddf8e71}</UniqueIdentifier>
    </Filter>
    <Filter Include="Utils">
      <UniqueIdentifier>{e2913e36-b1cc-47f7-aa6a-f241fa37c70c}</UniqueIdentifier>
    </Filter>
    <Filter Include="Game">
      <UniqueIdentifier>{61012786-3e1c-4e03-86df-d54a9f7965f7}</UniqueIdentifier>
    </Filter>
    <Filter Include="Game\Rendering">
      <UniqueIdentifier>{2be30051-f817-4392-b29e-d474312556df}</UniqueIdentifier>
    </Filter>
    <Filter Include="Game\Input">
      <UniqueIdentifier>{403ed3f2-0233-4adf-af14-e595e7560a07}</UniqueIdentifier>
    </Filter>
    <Filter Include="Entity\Shape\2D">
      <UniqueIdentifier>{ecf26b93-2375-4a63-bf37-47552b7d3c4e}</UniqueIdentifier>
    </Filter>
    <Filter Include="Entity\Shape\2D\3D">
      <UniqueIdentifier>{c19e6846-e8f8-4820-97a1-ee265295e4d0}</UniqueIdentifier>
    </Filter>
  </ItemGroup>
  <ItemGroup>
    <ClCompile Include="src\Sprite.cpp">
      <Filter>Entity</Filter>
    </ClCompile>
    <ClCompile Include="src\Entity3D.cpp">
      <Filter>Entity</Filter>
    </ClCompile>
    <ClCompile Include="src\Entity2D.cpp">
      <Filter>Entity</Filter>
    </ClCompile>
    <ClCompile Include="src\Entity.cpp">
      <Filter>Entity</Filter>
    </ClCompile>
    <ClCompile Include="src\Tile.cpp">
      <Filter>Tilemap</Filter>
    </ClCompile>
    <ClCompile Include="src\Tilemap.cpp">
      <Filter>Tilemap</Filter>
    </ClCompile>
    <ClCompile Include="src\Window.cpp">
      <Filter>Game\Rendering</Filter>
    </ClCompile>
    <ClCompile Include="src\TextureImporter.cpp">
      <Filter>Game\Rendering</Filter>
    </ClCompile>
    <ClCompile Include="src\Renderer.cpp">
      <Filter>Game\Rendering</Filter>
    </ClCompile>
    <ClCompile Include="src\Material.cpp">
      <Filter>Game\Rendering</Filter>
    </ClCompile>
    <ClCompile Include="src\Log.cpp">
      <Filter>Utils</Filter>
    </ClCompile>
    <ClCompile Include="src\Colors.cpp">
      <Filter>Utils</Filter>
    </ClCompile>
    <ClCompile Include="src\CollisionManager.cpp">
      <Filter>Utils</Filter>
    </ClCompile>
    <ClCompile Include="src\BaseGame.cpp">
      <Filter>Game</Filter>
    </ClCompile>
    <ClCompile Include="src\Animation.cpp">
      <Filter>Utils</Filter>
    </ClCompile>
    <ClCompile Include="src\Frame.cpp">
      <Filter>Utils</Filter>
    </ClCompile>
    <ClCompile Include="src\Camera.cpp">
      <Filter>Utils</Filter>
    </ClCompile>
    <ClCompile Include="src\Input.cpp">
      <Filter>Game\Input</Filter>
    </ClCompile>
    <ClCompile Include="src\InputAction.cpp">
      <Filter>Game\Input</Filter>
    </ClCompile>
    <ClCompile Include="src\Mouse.cpp">
      <Filter>Game\Input</Filter>
    </ClCompile>
    <ClCompile Include="src\Shape.cpp">
      <Filter>Entity\Shape\2D</Filter>
    </ClCompile>
    <ClCompile Include="src\Square.cpp">
      <Filter>Entity\Shape\2D</Filter>
    </ClCompile>
    <ClCompile Include="src\Triangle.cpp">
      <Filter>Entity\Shape\2D</Filter>
    </ClCompile>
    <ClCompile Include="src\Polygon.cpp">
      <Filter>Entity\Shape\2D\3D</Filter>
    </ClCompile>
    <ClCompile Include="src\Cube.cpp">
      <Filter>Entity\Shape\2D\3D</Filter>
    </ClCompile>
  </ItemGroup>
  <ItemGroup>
    <ClInclude Include="src\Entity.h">
      <Filter>Entity</Filter>
    </ClInclude>
    <ClInclude Include="src\Entity2D.h">
      <Filter>Entity</Filter>
    </ClInclude>
    <ClInclude Include="src\Entity3D.h">
      <Filter>Entity</Filter>
    </ClInclude>
    <ClInclude Include="src\Sprite.h">
      <Filter>Entity</Filter>
    </ClInclude>
    <ClInclude Include="src\Tile.h">
      <Filter>Tilemap</Filter>
    </ClInclude>
    <ClInclude Include="src\Tilemap.h">
      <Filter>Tilemap</Filter>
    </ClInclude>
    <ClInclude Include="src\Window.h">
      <Filter>Game\Rendering</Filter>
    </ClInclude>
    <ClInclude Include="src\Renderer.h">
      <Filter>Game\Rendering</Filter>
    </ClInclude>
    <ClInclude Include="src\TextureImporter.h">
      <Filter>Game\Rendering</Filter>
    </ClInclude>
    <ClInclude Include="src\Material.h">
      <Filter>Game\Rendering</Filter>
    </ClInclude>
    <ClInclude Include="src\Log.h">
      <Filter>Utils</Filter>
    </ClInclude>
    <ClInclude Include="src\CollisionManager.h">
      <Filter>Utils</Filter>
    </ClInclude>
    <ClInclude Include="src\Colors.h">
      <Filter>Utils</Filter>
    </ClInclude>
    <ClInclude Include="src\Export.h">
      <Filter>Utils</Filter>
    </ClInclude>
    <ClInclude Include="src\Buffers.h">
      <Filter>Utils</Filter>
    </ClInclude>
    <ClInclude Include="src\BaseGame.h">
      <Filter>Game</Filter>
    </ClInclude>
    <ClInclude Include="src\Animation.h">
      <Filter>Utils</Filter>
    </ClInclude>
    <ClInclude Include="src\Frame.h">
      <Filter>Utils</Filter>
    </ClInclude>
    <ClInclude Include="src\Camera.h">
      <Filter>Utils</Filter>
    </ClInclude>
    <ClInclude Include="src\InputAction.h">
      <Filter>Game\Input</Filter>
    </ClInclude>
    <ClInclude Include="src\Input.h">
      <Filter>Game\Input</Filter>
    </ClInclude>
    <ClInclude Include="src\Mouse.h">
      <Filter>Game\Input</Filter>
    </ClInclude>
    <ClInclude Include="src\Triangle.h">
      <Filter>Entity\Shape\2D</Filter>
    </ClInclude>
    <ClInclude Include="src\Shape.h">
      <Filter>Entity\Shape\2D</Filter>
    </ClInclude>
    <ClInclude Include="src\Square.h">
      <Filter>Entity\Shape\2D</Filter>
    </ClInclude>
    <ClInclude Include="src\Polygon.h">
      <Filter>Entity\Shape\2D\3D</Filter>
    </ClInclude>
    <ClInclude Include="src\Cube.h">
      <Filter>Entity\Shape\2D\3D</Filter>
    </ClInclude>
  </ItemGroup>
</Project>